
Microsoft Visual Studio Solution File, Format Version 12.00
# Visual Studio Version 17
VisualStudioVersion = 17.11.35303.130
MinimumVisualStudioVersion = 10.0.40219.1
Project("{FAE04EC0-301F-11D3-BF4B-00C04F79EFBC}") = "Lr5.1", "Lr5.1\Lr5.1.csproj", "{0594ECDC-7F95-49F2-B904-F13E77BEB756}"
EndProject
Global
	GlobalSection(SolutionConfigurationPlatforms) = preSolution
		Debug|Any CPU = Debug|Any CPU
		Release|Any CPU = Release|Any CPU
	EndGlobalSection
	GlobalSection(ProjectConfigurationPlatforms) = postSolution
		{0594ECDC-7F95-49F2-B904-F13E77BEB756}.Debug|Any CPU.ActiveCfg = Debug|Any CPU
		{0594ECDC-7F95-49F2-B904-F13E77BEB756}.Debug|Any CPU.Build.0 = Debug|Any CPU
		{0594ECDC-7F95-49F2-B904-F13E77BEB756}.Release|Any CPU.ActiveCfg = Release|Any CPU
		{0594ECDC-7F95-49F2-B904-F13E77BEB756}.Release|Any CPU.Build.0 = Release|Any CPU
	EndGlobalSection
	GlobalSection(SolutionProperties) = preSolution
		HideSolutionNode = FALSE
	EndGlobalSection
	GlobalSection(ExtensibilityGlobals) = postSolution
		SolutionGuid = {2C8916D0-B4B1-4A69-A68E-033323B9B087}
	EndGlobalSection
EndGlobal
